{
  "name": "action",
  "version": "1.0.0",
  "lockfileVersion": 1,
  "requires": true,
  "dependencies": {
    "@numbersprotocol/private-coupon": {
      "version": "0.0.7",
      "resolved": "https://npm.pkg.github.com/download/@numbersprotocol/private-coupon/0.0.7/7b220d70732c7568e79134fcb07d3439fe38140f3eeeff279e8c04ceec9fcb0e",
      "integrity": "sha512-kPwBQSTbNymas1EvGBVLsJPWNNnnnP1zv4/49sE41y0EPzyJ+rtnT2A9QMlpMGxkVt/1AQuoRwVddhOlY/0S4g==",
      "requires": {
        "tslib": "^1.10.0"
      }
    },
    "tslib": {
      "version": "1.13.0",
      "resolved": "https://registry.npmjs.org/tslib/-/tslib-1.13.0.tgz",
      "integrity": "sha512-i/6DQjL8Xf3be4K/E6Wgpekn5Qasl1usyw++dAA35Ue5orEn65VIxOA+YvNNl9HV3qv70T7CNwjODHZrLwvd1Q=="
    }
  }
}
